
Microsoft Visual Studio Solution File, Format Version 12.00
# Visual Studio 15
VisualStudioVersion = 15.0.28010.2036
MinimumVisualStudioVersion = 10.0.40219.1
Project("{9A19103F-16F7-4668-BE54-9A1E7A4F7556}") = "Lab03-SystemIO", "Lab03-SystemIO\Lab03-SystemIO.csproj", "{E5DF4946-E8DE-4E67-9C24-39B587A599A7}"
EndProject
Project("{FAE04EC0-301F-11D3-BF4B-00C04F79EFBC}") = "Lab03-Tests", "Lab03-Tests\Lab03-Tests.csproj", "{CCFBD3A8-C545-47B5-A23E-DD0B2E8148BA}"
EndProject
Global
	GlobalSection(SolutionConfigurationPlatforms) = preSolution
		Debug|Any CPU = Debug|Any CPU
		Release|Any CPU = Release|Any CPU
	EndGlobalSection
	GlobalSection(ProjectConfigurationPlatforms) = postSolution
		{E5DF4946-E8DE-4E67-9C24-39B587A599A7}.Debug|Any CPU.ActiveCfg = Debug|Any CPU
		{E5DF4946-E8DE-4E67-9C24-39B587A599A7}.Debug|Any CPU.Build.0 = Debug|Any CPU
		{E5DF4946-E8DE-4E67-9C24-39B587A599A7}.Release|Any CPU.ActiveCfg = Release|Any CPU
		{E5DF4946-E8DE-4E67-9C24-39B587A599A7}.Release|Any CPU.Build.0 = Release|Any CPU
		{CCFBD3A8-C545-47B5-A23E-DD0B2E8148BA}.Debug|Any CPU.ActiveCfg = Debug|Any CPU
		{CCFBD3A8-C545-47B5-A23E-DD0B2E8148BA}.Debug|Any CPU.Build.0 = Debug|Any CPU
		{CCFBD3A8-C545-47B5-A23E-DD0B2E8148BA}.Release|Any CPU.ActiveCfg = Release|Any CPU
		{CCFBD3A8-C545-47B5-A23E-DD0B2E8148BA}.Release|Any CPU.Build.0 = Release|Any CPU
	EndGlobalSection
	GlobalSection(SolutionProperties) = preSolution
		HideSolutionNode = FALSE
	EndGlobalSection
	GlobalSection(ExtensibilityGlobals) = postSolution
		SolutionGuid = {6F3BDF1D-2D8E-4D6C-85D3-B6B0692F42FA}
	EndGlobalSection
EndGlobal
